<?xml version="1.0" encoding="utf-8"?>
<Project ToolsVersion="4.0" xmlns="http://schemas.microsoft.com/developer/msbuild/2003">
  <ItemGroup>
    <Filter Include="Source Files">
      <UniqueIdentifier>{4FC737F1-C7A5-4376-A066-2A32D752A2FF}</UniqueIdentifier>
      <Extensions>cpp;c;cc;cxx;def;odl;idl;hpj;bat;asm;asmx</Extensions>
    </Filter>
    <Filter Include="Header Files">
      <UniqueIdentifier>{93995380-89BD-4b04-88EB-625FBE52EBFB}</UniqueIdentifier>
      <Extensions>h;hh;hpp;hxx;hm;inl;inc;xsd</Extensions>
    </Filter>
    <Filter Include="Resource Files">
      <UniqueIdentifier>{67DA6AB6-F800-4c08-8B7A-83BB121AAD01}</UniqueIdentifier>
      <Extensions>rc;ico;cur;bmp;dlg;rc2;rct;bin;rgs;gif;jpg;jpeg;jpe;resx;tiff;tif;png;wav;mfcribbon-ms</Extensions>
    </Filter>
    <Filter Include="Framework">
      <UniqueIdentifier>{61640774-184a-4600-bd48-41dd3b3b2641}</UniqueIdentifier>
    </Filter>
    <Filter Include="Framework\Camera">
      <UniqueIdentifier>{bc4c116c-b582-4bae-b8d3-7dfaf5d5e23b}</UniqueIdentifier>
    </Filter>
    <Filter Include="Framework\Global">
      <UniqueIdentifier>{0739b779-2aa3-4344-a3ce-74eca6c4247d}</UniqueIdentifier>
    </Filter>
    <Filter Include="Framework\Collision">
      <UniqueIdentifier>{c53180c0-de6e-4194-a2d1-df58afa362eb}</UniqueIdentifier>
    </Filter>
    <Filter Include="Framework\Graphic">
      <UniqueIdentifier>{80de692f-2f99-4ba7-a118-3a5c68d050e8}</UniqueIdentifier>
    </Filter>
    <Filter Include="Game">
      <UniqueIdentifier>{6244719a-93ae-433c-861e-032a8bb2d4c6}</UniqueIdentifier>
    </Filter>
    <Filter Include="Framework\Input">
      <UniqueIdentifier>{941bd019-e477-4cae-bbae-59791c505cd6}</UniqueIdentifier>
    </Filter>
    <Filter Include="Framework\GameTime">
      <UniqueIdentifier>{d34644fa-a171-4a9a-80fc-b66cae87aa0d}</UniqueIdentifier>
    </Filter>
    <Filter Include="Game Object">
      <UniqueIdentifier>{444b8921-1b94-4bf8-88ee-a0db5106330f}</UniqueIdentifier>
    </Filter>
    <Filter Include="Game Object\Tile">
      <UniqueIdentifier>{3a095b4e-cc69-4586-8a1c-80613e245638}</UniqueIdentifier>
    </Filter>
    <Filter Include="GameScene">
      <UniqueIdentifier>{cbb7f64f-ff1d-463f-94d9-b041afd3d7a8}</UniqueIdentifier>
    </Filter>
    <Filter Include="GameScene\Scene">
      <UniqueIdentifier>{93bdcb71-6bd7-45a9-8d70-e7891578c7c3}</UniqueIdentifier>
    </Filter>
    <Filter Include="Game Object\Ninja">
      <UniqueIdentifier>{27cd95ef-297b-4285-aa2a-0ef8116d7735}</UniqueIdentifier>
    </Filter>
    <Filter Include="Framework\Object">
      <UniqueIdentifier>{ec137bdf-fc95-43a9-8989-910084a11bd8}</UniqueIdentifier>
    </Filter>
    <Filter Include="Game Object\Ninja\Sprite">
      <UniqueIdentifier>{40185270-fa26-4e6e-84d6-36179a820417}</UniqueIdentifier>
    </Filter>
    <Filter Include="Framework\XML Reader">
      <UniqueIdentifier>{39c769dd-61a4-42c7-85f2-620100931c53}</UniqueIdentifier>
    </Filter>
    <Filter Include="Grid">
      <UniqueIdentifier>{70162fc9-3372-4ad9-9040-2ac215c080d6}</UniqueIdentifier>
    </Filter>
    <Filter Include="Game Object\Enemy">
      <UniqueIdentifier>{8c1bc0c2-1ba3-44ad-8766-69616562f761}</UniqueIdentifier>
    </Filter>
    <Filter Include="Game Object\Item">
      <UniqueIdentifier>{a64e6875-6c31-46c9-b9d1-b0dfdccf33cb}</UniqueIdentifier>
    </Filter>
    <Filter Include="Game Object\Enemy\Soldier">
      <UniqueIdentifier>{ca1f1f68-c86e-41b6-8638-44b2f08082da}</UniqueIdentifier>
    </Filter>
    <Filter Include="Game Object\Enemy\Shinobi">
      <UniqueIdentifier>{e4bf1671-f873-4ccf-942b-6c26eb4e65dc}</UniqueIdentifier>
    </Filter>
    <Filter Include="Game Object\Enemy\Animal">
      <UniqueIdentifier>{23ec48f4-2564-424d-be02-5db69220ac41}</UniqueIdentifier>
    </Filter>
    <Filter Include="Game Object\Enemy\Soldier\Run">
      <UniqueIdentifier>{c8168a43-55ab-4e16-97d5-1809666d72dc}</UniqueIdentifier>
    </Filter>
    <Filter Include="Game Object\Enemy\Soldier\Rocket">
      <UniqueIdentifier>{3dae3af0-e253-4b7f-a245-21a1bb2b1ad9}</UniqueIdentifier>
    </Filter>
    <Filter Include="Game Object\Enemy\Soldier\Machine Gun">
      <UniqueIdentifier>{c35aef9d-37c3-460a-bd37-fd20748d65d1}</UniqueIdentifier>
    </Filter>
    <Filter Include="Game Object\Enemy\Shinobi\Throw Sword">
      <UniqueIdentifier>{412fcad3-aa57-4a84-8800-76f9ebb37394}</UniqueIdentifier>
    </Filter>
    <Filter Include="Game Object\Enemy\Shinobi\Run Sword">
      <UniqueIdentifier>{2dea35c9-1b63-4ea0-ae84-eb83e5a31c59}</UniqueIdentifier>
    </Filter>
    <Filter Include="Game Object\Enemy\Animal\Bat">
      <UniqueIdentifier>{f25d8d04-349c-4c2a-bec6-07e34bba3aa5}</UniqueIdentifier>
    </Filter>
    <Filter Include="Game Object\Enemy\Animal\Eagle">
      <UniqueIdentifier>{7bf4a467-5c9d-461a-a13f-3d07e698bb81}</UniqueIdentifier>
    </Filter>
    <Filter Include="Game Object\Enemy\Animal\Panther">
      <UniqueIdentifier>{69b263aa-c099-4b3d-9763-bbb43564f4ac}</UniqueIdentifier>
    </Filter>
    <Filter Include="Game Object\Item\Gift">
      <UniqueIdentifier>{c5dcae57-f066-421b-ad9b-bf4538219c4e}</UniqueIdentifier>
    </Filter>
    <Filter Include="Game Object\Item\Weaponry">
      <UniqueIdentifier>{e182d43f-8631-4308-8333-8409c43aa5d9}</UniqueIdentifier>
    </Filter>
    <Filter Include="Game Object\Item\Point">
      <UniqueIdentifier>{bcf21f87-3c59-4ea2-a3f3-a57ba2070f3a}</UniqueIdentifier>
    </Filter>
    <Filter Include="Game Object\Item\Point\500">
      <UniqueIdentifier>{b0302965-f9ca-40b6-9d60-78497199d147}</UniqueIdentifier>
    </Filter>
    <Filter Include="Game Object\Item\Point\1000">
      <UniqueIdentifier>{8654572b-b973-412d-8766-b6edc42a6d2a}</UniqueIdentifier>
    </Filter>
    <Filter Include="Game Object\Item\Power">
      <UniqueIdentifier>{6e2aa330-3d23-4deb-bf46-585b214f9a75}</UniqueIdentifier>
    </Filter>
    <Filter Include="Game Object\Item\Power\5">
      <UniqueIdentifier>{d7747326-dec1-43aa-b96f-c1ae490100b8}</UniqueIdentifier>
    </Filter>
    <Filter Include="Game Object\Item\Power\10">
      <UniqueIdentifier>{7ed3add5-9064-45de-a044-0831c3d0d029}</UniqueIdentifier>
    </Filter>
    <Filter Include="Game Object\Item\Magic">
      <UniqueIdentifier>{46a6d63e-ab81-4b48-aea5-cf2e268a8613}</UniqueIdentifier>
    </Filter>
    <Filter Include="Game Object\Item\Magic\Health">
      <UniqueIdentifier>{7b849c23-4624-4cfc-961d-c662835f23ad}</UniqueIdentifier>
    </Filter>
    <Filter Include="Game Object\Item\Magic\Freeze">
      <UniqueIdentifier>{370687dd-9e9d-40f0-a602-9db509806508}</UniqueIdentifier>
    </Filter>
    <Filter Include="Game Object\Item\Weaponry\Flames">
      <UniqueIdentifier>{d303cea2-61ba-41f1-a89c-a5eb48b37a6c}</UniqueIdentifier>
    </Filter>
    <Filter Include="Game Object\Item\Weaponry\Throw Star">
      <UniqueIdentifier>{aff4d242-83ee-4a92-bf79-195a1ccf8082}</UniqueIdentifier>
    </Filter>
    <Filter Include="Game Object\Item\Weaponry\Windmil Star">
      <UniqueIdentifier>{e31e056e-63cd-4b81-afce-0d23d3cccf9d}</UniqueIdentifier>
    </Filter>
    <Filter Include="Game Object\Enemy\Boss">
      <UniqueIdentifier>{1bd68a1b-1306-44ee-8f63-6148ff62a875}</UniqueIdentifier>
    </Filter>
    <Filter Include="Game Object\Item\ItemManager">
      <UniqueIdentifier>{02bc40d5-b5f7-4e88-82ea-89f29dedbb52}</UniqueIdentifier>
    </Filter>
    <Filter Include="Game Object\Skill">
      <UniqueIdentifier>{df599340-1f68-44e3-9afa-801c8d6ff55b}</UniqueIdentifier>
    </Filter>
    <Filter Include="Game Object\Skill\Skill Manager">
      <UniqueIdentifier>{ea5613b0-fcc1-4d22-b8c4-d18477ad4208}</UniqueIdentifier>
    </Filter>
    <Filter Include="Game Object\Skill\Skill Ninja">
      <UniqueIdentifier>{fc26bf77-8c6f-4f98-8db7-5cf54f99ef4c}</UniqueIdentifier>
    </Filter>
    <Filter Include="Game Object\Skill\Skill Enemy">
      <UniqueIdentifier>{ea0b9061-c5d9-431e-8d61-cc0d64f4fed2}</UniqueIdentifier>
    </Filter>
    <Filter Include="Framework\Sound">
      <UniqueIdentifier>{e27024d9-2bc3-41e8-8f33-9d06038ed3c8}</UniqueIdentifier>
    </Filter>
    <Filter Include="Game Object\Background">
      <UniqueIdentifier>{2c29e8b5-d3e1-4e66-9a33-1a09420e5368}</UniqueIdentifier>
    </Filter>
  </ItemGroup>
  <ItemGroup>
    <ClInclude Include="CCamera.h">
      <Filter>Framework\Camera</Filter>
    </ClInclude>
    <ClInclude Include="CGlobal.h">
      <Filter>Framework\Global</Filter>
    </ClInclude>
    <ClInclude Include="EIDSceneGame.h">
      <Filter>Framework\Global</Filter>
    </ClInclude>
    <ClInclude Include="ESpriteEffect.h">
      <Filter>Framework\Global</Filter>
    </ClInclude>
    <ClInclude Include="ESpriteID.h">
      <Filter>Framework\Global</Filter>
    </ClInclude>
    <ClInclude Include="FrameworkDefine.h">
      <Filter>Framework\Global</Filter>
    </ClInclude>
    <ClInclude Include="Collision.h">
      <Filter>Framework\Collision</Filter>
    </ClInclude>
    <ClInclude Include="SweptAABB.h">
      <Filter>Framework\Collision</Filter>
    </ClInclude>
    <ClInclude Include="CAnimationDx9.h">
      <Filter>Framework\Graphic</Filter>
    </ClInclude>
    <ClInclude Include="CSpriteDx9.h">
      <Filter>Framework\Graphic</Filter>
    </ClInclude>
    <ClInclude Include="CSurfaceDx9.h">
      <Filter>Framework\Graphic</Filter>
    </ClInclude>
    <ClInclude Include="CTextureDx9.h">
      <Filter>Framework\Graphic</Filter>
    </ClInclude>
    <ClInclude Include="GameScene.h">
      <Filter>GameScene\Scene</Filter>
    </ClInclude>
    <ClInclude Include="SceneManagerDx9.h">
      <Filter>GameScene\Scene</Filter>
    </ClInclude>
    <ClInclude Include="CInputDx9.h">
      <Filter>Framework\Input</Filter>
    </ClInclude>
    <ClInclude Include="CGameTimeDx9.h">
      <Filter>Framework\GameTime</Filter>
    </ClInclude>
    <ClInclude Include="CTimeSpanDx9.h">
      <Filter>Framework\GameTime</Filter>
    </ClInclude>
    <ClInclude Include="CGame.h">
      <Filter>Game</Filter>
    </ClInclude>
    <ClInclude Include="SpriteManager.h">
      <Filter>Framework\Graphic</Filter>
    </ClInclude>
    <ClInclude Include="Tile.h">
      <Filter>Game Object\Tile</Filter>
    </ClInclude>
    <ClInclude Include="Ninja.h">
      <Filter>Game Object\Ninja</Filter>
    </ClInclude>
    <ClInclude Include="CObjectDx9.h">
      <Filter>Framework\Object</Filter>
    </ClInclude>
    <ClInclude Include="DynamicObject.h">
      <Filter>Framework\Object</Filter>
    </ClInclude>
    <ClInclude Include="NinjaSpirte.h">
      <Filter>Game Object\Ninja\Sprite</Filter>
    </ClInclude>
    <ClInclude Include="EDirection.h">
      <Filter>Framework\Global</Filter>
    </ClInclude>
    <ClInclude Include="ETypeObject.h">
      <Filter>Framework\Global</Filter>
    </ClInclude>
    <ClInclude Include="EObjectID.h">
      <Filter>Framework\Global</Filter>
    </ClInclude>
    <ClInclude Include="EObjectState.h">
      <Filter>Framework\Global</Filter>
    </ClInclude>
    <ClInclude Include="IDDirection.h">
      <Filter>Framework\Global</Filter>
    </ClInclude>
    <ClInclude Include="CPhysicDx9.h">
      <Filter>Framework\Collision</Filter>
    </ClInclude>
    <ClInclude Include="Markup.h">
      <Filter>Framework\XML Reader</Filter>
    </ClInclude>
    <ClInclude Include="VirtualObject.h">
      <Filter>Framework\Object</Filter>
    </ClInclude>
    <ClInclude Include="Cell.h">
      <Filter>Grid</Filter>
    </ClInclude>
    <ClInclude Include="Grid.h">
      <Filter>Grid</Filter>
    </ClInclude>
    <ClInclude Include="EnemyRocket.h">
      <Filter>Game Object\Enemy\Soldier\Rocket</Filter>
    </ClInclude>
    <ClInclude Include="EnemyRun.h">
      <Filter>Game Object\Enemy\Soldier\Run</Filter>
    </ClInclude>
    <ClInclude Include="EnemyMachineGun.h">
      <Filter>Game Object\Enemy\Soldier\Machine Gun</Filter>
    </ClInclude>
    <ClInclude Include="EnemySword.h">
      <Filter>Game Object\Enemy\Shinobi\Run Sword</Filter>
    </ClInclude>
    <ClInclude Include="EnemyThrowSword.h">
      <Filter>Game Object\Enemy\Shinobi\Throw Sword</Filter>
    </ClInclude>
    <ClInclude Include="EnemyBrownBat.h">
      <Filter>Game Object\Enemy\Animal\Bat</Filter>
    </ClInclude>
    <ClInclude Include="EnemyEagle.h">
      <Filter>Game Object\Enemy\Animal\Eagle</Filter>
    </ClInclude>
    <ClInclude Include="EnemyPanther.h">
      <Filter>Game Object\Enemy\Animal\Panther</Filter>
    </ClInclude>
    <ClInclude Include="GifButerfly.h">
      <Filter>Game Object\Item\Gift</Filter>
    </ClInclude>
    <ClInclude Include="GifBird.h">
      <Filter>Game Object\Item\Gift</Filter>
    </ClInclude>
    <ClInclude Include="Health.h">
      <Filter>Game Object\Item\Magic\Health</Filter>
    </ClInclude>
    <ClInclude Include="Freeze.h">
      <Filter>Game Object\Item\Magic\Freeze</Filter>
    </ClInclude>
    <ClInclude Include="FivePower.h">
      <Filter>Game Object\Item\Power\5</Filter>
    </ClInclude>
    <ClInclude Include="TenPower.h">
      <Filter>Game Object\Item\Power\10</Filter>
    </ClInclude>
    <ClInclude Include="Point500.h">
      <Filter>Game Object\Item\Point\500</Filter>
    </ClInclude>
    <ClInclude Include="Point1000.h">
      <Filter>Game Object\Item\Point\1000</Filter>
    </ClInclude>
    <ClInclude Include="Flames.h">
      <Filter>Game Object\Item\Weaponry\Flames</Filter>
    </ClInclude>
    <ClInclude Include="ThrowStar.h">
      <Filter>Game Object\Item\Weaponry\Throw Star</Filter>
    </ClInclude>
    <ClInclude Include="WindmilStar.h">
      <Filter>Game Object\Item\Weaponry\Windmil Star</Filter>
    </ClInclude>
    <ClInclude Include="Boss3.h">
      <Filter>Game Object\Enemy\Boss</Filter>
    </ClInclude>
    <ClInclude Include="ItemManager.h">
      <Filter>Game Object\Item\ItemManager</Filter>
    </ClInclude>
    <ClInclude Include="EIDItem.h">
      <Filter>Framework\Global</Filter>
    </ClInclude>
    <ClInclude Include="EIDTypeSkill.h">
      <Filter>Framework\Global</Filter>
    </ClInclude>
    <ClInclude Include="Skill.h">
      <Filter>Game Object\Skill\Skill Manager</Filter>
    </ClInclude>
    <ClInclude Include="SkillManager.h">
      <Filter>Game Object\Skill\Skill Manager</Filter>
    </ClInclude>
    <ClInclude Include="SkillPool.h">
      <Filter>Game Object\Skill\Skill Manager</Filter>
    </ClInclude>
    <ClInclude Include="SkillFlames.h">
      <Filter>Game Object\Skill\Skill Ninja</Filter>
    </ClInclude>
    <ClInclude Include="SkillThrowStar.h">
      <Filter>Game Object\Skill\Skill Ninja</Filter>
    </ClInclude>
    <ClInclude Include="SkillWindMilStar.h">
      <Filter>Game Object\Skill\Skill Ninja</Filter>
    </ClInclude>
    <ClInclude Include="SwordNinja.h">
      <Filter>Game Object\Skill\Skill Ninja</Filter>
    </ClInclude>
    <ClInclude Include="BulletEnemy.h">
      <Filter>Game Object\Skill\Skill Enemy</Filter>
    </ClInclude>
    <ClInclude Include="SoundMangerDx9.h">
      <Filter>Framework\Sound</Filter>
    </ClInclude>
    <ClInclude Include="SoundBuffer.h">
      <Filter>Framework\Sound</Filter>
    </ClInclude>
    <ClInclude Include="DSutil.h">
      <Filter>Framework\Sound</Filter>
    </ClInclude>
    <ClInclude Include="eSoundID.h">
      <Filter>Framework\Global</Filter>
    </ClInclude>
    <ClInclude Include="background.h">
      <Filter>Game Object\Background</Filter>
    </ClInclude>
    <ClInclude Include="PlayScene.h">
      <Filter>GameScene</Filter>
    </ClInclude>
    <ClInclude Include="BOX.h">
      <Filter>Framework\Global</Filter>
    </ClInclude>
    <ClInclude Include="MenuScene.h">
      <Filter>GameScene</Filter>
    </ClInclude>
  </ItemGroup>
  <ItemGroup>
    <ClCompile Include="CGlobal.cpp">
      <Filter>Framework\Global</Filter>
    </ClCompile>
    <ClCompile Include="CAnimationDx9.cpp">
      <Filter>Framework\Graphic</Filter>
    </ClCompile>
    <ClCompile Include="CSpriteDx9.cpp">
      <Filter>Framework\Graphic</Filter>
    </ClCompile>
    <ClCompile Include="CSurfaceDx9.cpp">
      <Filter>Framework\Graphic</Filter>
    </ClCompile>
    <ClCompile Include="CTextureDx9.cpp">
      <Filter>Framework\Graphic</Filter>
    </ClCompile>
    <ClCompile Include="SceneManagerDx9.cpp">
      <Filter>GameScene\Scene</Filter>
    </ClCompile>
    <ClCompile Include="CInputDx9.cpp">
      <Filter>Framework\Input</Filter>
    </ClCompile>
    <ClCompile Include="CGameTimeDx9.cpp">
      <Filter>Framework\GameTime</Filter>
    </ClCompile>
    <ClCompile Include="CTimeSpanDx9.cpp">
      <Filter>Framework\GameTime</Filter>
    </ClCompile>
    <ClCompile Include="CCamera.cpp">
      <Filter>Framework\Camera</Filter>
    </ClCompile>
    <ClCompile Include="WinMain.cpp">
      <Filter>Source Files</Filter>
    </ClCompile>
    <ClCompile Include="SpriteManager.cpp">
      <Filter>Framework\Graphic</Filter>
    </ClCompile>
    <ClCompile Include="Tile.cpp">
      <Filter>Game Object\Tile</Filter>
    </ClCompile>
    <ClCompile Include="Ninja.cpp">
      <Filter>Game Object\Ninja</Filter>
    </ClCompile>
    <ClCompile Include="CObjectDx9.cpp">
      <Filter>Framework\Object</Filter>
    </ClCompile>
    <ClCompile Include="DynamicObject.cpp">
      <Filter>Framework\Object</Filter>
    </ClCompile>
    <ClCompile Include="NinjaSpirte.cpp">
      <Filter>Game Object\Ninja\Sprite</Filter>
    </ClCompile>
    <ClCompile Include="Collision.cpp">
      <Filter>Framework\Collision</Filter>
    </ClCompile>
    <ClCompile Include="CPhysicDx9.cpp">
      <Filter>Framework\Collision</Filter>
    </ClCompile>
    <ClCompile Include="Markup.cpp">
      <Filter>Framework\XML Reader</Filter>
    </ClCompile>
    <ClCompile Include="VirtualObject.cpp">
      <Filter>Framework\Object</Filter>
    </ClCompile>
    <ClCompile Include="Cell.cpp">
      <Filter>Grid</Filter>
    </ClCompile>
    <ClCompile Include="Grid.cpp">
      <Filter>Grid</Filter>
    </ClCompile>
    <ClCompile Include="EnemyRocket.cpp">
      <Filter>Game Object\Enemy\Soldier\Rocket</Filter>
    </ClCompile>
    <ClCompile Include="EnemyRun.cpp">
      <Filter>Game Object\Enemy\Soldier\Run</Filter>
    </ClCompile>
    <ClCompile Include="EnemyMachineGun.cpp">
      <Filter>Game Object\Enemy\Soldier\Machine Gun</Filter>
    </ClCompile>
    <ClCompile Include="EnemySword.cpp">
      <Filter>Game Object\Enemy\Shinobi\Run Sword</Filter>
    </ClCompile>
    <ClCompile Include="EnemyThrowSword.cpp">
      <Filter>Game Object\Enemy\Shinobi\Throw Sword</Filter>
    </ClCompile>
    <ClCompile Include="EnemyBrownBat.cpp">
      <Filter>Game Object\Enemy\Animal\Bat</Filter>
    </ClCompile>
    <ClCompile Include="EnemyEagle.cpp">
      <Filter>Game Object\Enemy\Animal\Eagle</Filter>
    </ClCompile>
    <ClCompile Include="EnemyPanther.cpp">
      <Filter>Game Object\Enemy\Animal\Panther</Filter>
    </ClCompile>
    <ClCompile Include="GifButerfly.cpp">
      <Filter>Game Object\Item\Gift</Filter>
    </ClCompile>
    <ClCompile Include="GifBird.cpp">
      <Filter>Game Object\Item\Gift</Filter>
    </ClCompile>
    <ClCompile Include="Health.cpp">
      <Filter>Game Object\Item\Magic\Health</Filter>
    </ClCompile>
    <ClCompile Include="Freeze.cpp">
      <Filter>Game Object\Item\Magic\Freeze</Filter>
    </ClCompile>
    <ClCompile Include="FivePower.cpp">
      <Filter>Game Object\Item\Power\5</Filter>
    </ClCompile>
    <ClCompile Include="TenPower.cpp">
      <Filter>Game Object\Item\Power\10</Filter>
    </ClCompile>
    <ClCompile Include="Point500.cpp">
      <Filter>Game Object\Item\Point\500</Filter>
    </ClCompile>
    <ClCompile Include="Point1000.cpp">
      <Filter>Game Object\Item\Point\1000</Filter>
    </ClCompile>
    <ClCompile Include="Flames.cpp">
      <Filter>Game Object\Item\Weaponry\Flames</Filter>
    </ClCompile>
    <ClCompile Include="ThrowStar.cpp">
      <Filter>Game Object\Item\Weaponry\Throw Star</Filter>
    </ClCompile>
    <ClCompile Include="WindmilStar.cpp">
      <Filter>Game Object\Item\Weaponry\Windmil Star</Filter>
    </ClCompile>
    <ClCompile Include="Boss3.cpp">
      <Filter>Game Object\Enemy\Boss</Filter>
    </ClCompile>
    <ClCompile Include="ItemManager.cpp">
      <Filter>Game Object\Item\ItemManager</Filter>
    </ClCompile>
    <ClCompile Include="Skill.cpp">
      <Filter>Game Object\Skill\Skill Manager</Filter>
    </ClCompile>
    <ClCompile Include="SkillManager.cpp">
      <Filter>Game Object\Skill\Skill Manager</Filter>
    </ClCompile>
    <ClCompile Include="SkillPool.cpp">
      <Filter>Game Object\Skill\Skill Manager</Filter>
    </ClCompile>
    <ClCompile Include="SkillFlames.cpp">
      <Filter>Game Object\Skill\Skill Ninja</Filter>
    </ClCompile>
    <ClCompile Include="SkillThrowStar.cpp">
      <Filter>Game Object\Skill\Skill Ninja</Filter>
    </ClCompile>
    <ClCompile Include="SkillWindMilStar.cpp">
      <Filter>Game Object\Skill\Skill Ninja</Filter>
    </ClCompile>
    <ClCompile Include="SwordNinja.cpp">
      <Filter>Game Object\Skill\Skill Ninja</Filter>
    </ClCompile>
    <ClCompile Include="BulletEnemy.cpp">
      <Filter>Game Object\Skill\Skill Enemy</Filter>
    </ClCompile>
    <ClCompile Include="SoundMangerDx9.cpp">
      <Filter>Framework\Sound</Filter>
    </ClCompile>
    <ClCompile Include="DSutil.cpp">
      <Filter>Framework\Sound</Filter>
    </ClCompile>
    <ClCompile Include="SoundBuffer.cpp">
      <Filter>Framework\Sound</Filter>
    </ClCompile>
    <ClCompile Include="background.cpp">
      <Filter>Game Object\Background</Filter>
    </ClCompile>
    <ClCompile Include="CGame.cpp">
      <Filter>Game</Filter>
    </ClCompile>
    <ClCompile Include="PlayScene.cpp">
      <Filter>GameScene</Filter>
    </ClCompile>
    <ClCompile Include="MenuScene.cpp">
      <Filter>GameScene</Filter>
    </ClCompile>
  </ItemGroup>
</Project>